// !$*UTF8*$!
{
	archiveVersion = 1;
	classes = {
	};
	objectVersion = 48;
	objects = {

/* Begin PBXBuildFile section */
		9042B7252056F88C000DB49A /* AppDelegate.swift in Sources */ = {isa = PBXBuildFile; fileRef = 9042B7242056F88C000DB49A /* AppDelegate.swift */; };
		9042B7272056F88C000DB49A /* ViewController.swift in Sources */ = {isa = PBXBuildFile; fileRef = 9042B7262056F88C000DB49A /* ViewController.swift */; };
		9042B72C2056F88C000DB49A /* Assets.xcassets in Resources */ = {isa = PBXBuildFile; fileRef = 9042B72B2056F88C000DB49A /* Assets.xcassets */; };
		9042B72F2056F88C000DB49A /* LaunchScreen.storyboard in Resources */ = {isa = PBXBuildFile; fileRef = 9042B72D2056F88C000DB49A /* LaunchScreen.storyboard */; };
		90C8364A20680C640047D3D1 /* SceneKitUtils.swift in Sources */ = {isa = PBXBuildFile; fileRef = 90C8364920680C640047D3D1 /* SceneKitUtils.swift */; };
		90C83652206812BA0047D3D1 /* gear.dae in Resources */ = {isa = PBXBuildFile; fileRef = 90C83651206812BA0047D3D1 /* gear.dae */; };
		90D241C0205D42690086B982 /* audio.mp3 in Resources */ = {isa = PBXBuildFile; fileRef = 90D241BF205D42690086B982 /* audio.mp3 */; };
		90D241C2205D4ED40086B982 /* BrandView.swift in Sources */ = {isa = PBXBuildFile; fileRef = 90D241C1205D4ED40086B982 /* BrandView.swift */; };
		90D241C4205D4F200086B982 /* BrandViewContainerView.swift in Sources */ = {isa = PBXBuildFile; fileRef = 90D241C3205D4F200086B982 /* BrandViewContainerView.swift */; };
		90F2D313205EE63F00419813 /* Media.xcassets in Resources */ = {isa = PBXBuildFile; fileRef = 90F2D312205EE63F00419813 /* Media.xcassets */; };
		90F2D315205EE64900419813 /* BrandViewNeandertek.swift in Sources */ = {isa = PBXBuildFile; fileRef = 90F2D314205EE64900419813 /* BrandViewNeandertek.swift */; };
		90F2D318205EE74A00419813 /* Media.xcassets in Resources */ = {isa = PBXBuildFile; fileRef = 90F2D317205EE74A00419813 /* Media.xcassets */; };
		90F2D31A205EE75700419813 /* BrandViewQuantifex.swift in Sources */ = {isa = PBXBuildFile; fileRef = 90F2D319205EE75700419813 /* BrandViewQuantifex.swift */; };
		90F2D31D205EE8C400419813 /* Media.xcassets in Resources */ = {isa = PBXBuildFile; fileRef = 90F2D31C205EE8C400419813 /* Media.xcassets */; };
		90F2D31F205EE8CE00419813 /* BrandViewSantafelos.swift in Sources */ = {isa = PBXBuildFile; fileRef = 90F2D31E205EE8CE00419813 /* BrandViewSantafelos.swift */; };
		90F2D322205EED6000419813 /* Media.xcassets in Resources */ = {isa = PBXBuildFile; fileRef = 90F2D321205EED6000419813 /* Media.xcassets */; };
		90F2D324205EED6B00419813 /* BrandViewUniventa.swift in Sources */ = {isa = PBXBuildFile; fileRef = 90F2D323205EED6B00419813 /* BrandViewUniventa.swift */; };
		90F2D327205EEF0800419813 /* Media.xcassets in Resources */ = {isa = PBXBuildFile; fileRef = 90F2D326205EEF0800419813 /* Media.xcassets */; };
		90F2D329205EEF1400419813 /* BrandViewVisioland.swift in Sources */ = {isa = PBXBuildFile; fileRef = 90F2D328205EEF1400419813 /* BrandViewVisioland.swift */; };
		90F2D32C205EF1B800419813 /* Media.xcassets in Resources */ = {isa = PBXBuildFile; fileRef = 90F2D32B205EF1B800419813 /* Media.xcassets */; };
		90F2D32E205EF1C300419813 /* BrandViewTechnikon.swift in Sources */ = {isa = PBXBuildFile; fileRef = 90F2D32D205EF1C300419813 /* BrandViewTechnikon.swift */; };
		90F2D331205EF2BB00419813 /* Media.xcassets in Resources */ = {isa = PBXBuildFile; fileRef = 90F2D330205EF2BB00419813 /* Media.xcassets */; };
		90F2D333205EF2C500419813 /* BrandViewSeptogon.swift in Sources */ = {isa = PBXBuildFile; fileRef = 90F2D332205EF2C500419813 /* BrandViewSeptogon.swift */; };
		90F2D336205EF3CD00419813 /* Media.xcassets in Resources */ = {isa = PBXBuildFile; fileRef = 90F2D335205EF3CD00419813 /* Media.xcassets */; };
		90F2D338205EF3D700419813 /* BrandViewZophario.swift in Sources */ = {isa = PBXBuildFile; fileRef = 90F2D337205EF3D700419813 /* BrandViewZophario.swift */; };
		90F62A6C205ECBD8002FE66B /* Media.xcassets in Resources */ = {isa = PBXBuildFile; fileRef = 90F62A6B205ECBD8002FE66B /* Media.xcassets */; };
		90F62A6E205ECBE3002FE66B /* BrandViewXerion.swift in Sources */ = {isa = PBXBuildFile; fileRef = 90F62A6D205ECBE3002FE66B /* BrandViewXerion.swift */; };
		90F62A71205ECC40002FE66B /* Media.xcassets in Resources */ = {isa = PBXBuildFile; fileRef = 90F62A70205ECC40002FE66B /* Media.xcassets */; };
		90F62A73205ECC4A002FE66B /* BrandViewBotastica.swift in Sources */ = {isa = PBXBuildFile; fileRef = 90F62A72205ECC4A002FE66B /* BrandViewBotastica.swift */; };
		90F62A76205ECDEB002FE66B /* Media.xcassets in Resources */ = {isa = PBXBuildFile; fileRef = 90F62A75205ECDEB002FE66B /* Media.xcassets */; };
		90F62A78205ECDF5002FE66B /* BrandViewEkrom.swift in Sources */ = {isa = PBXBuildFile; fileRef = 90F62A77205ECDF5002FE66B /* BrandViewEkrom.swift */; };
		90F62A7B205ECF4D002FE66B /* Media.xcassets in Resources */ = {isa = PBXBuildFile; fileRef = 90F62A7A205ECF4D002FE66B /* Media.xcassets */; };
		90F62A7D205ECF56002FE66B /* BrandViewOeland.swift in Sources */ = {isa = PBXBuildFile; fileRef = 90F62A7C205ECF56002FE66B /* BrandViewOeland.swift */; };
		90F62A81205ED07B002FE66B /* Media.xcassets in Resources */ = {isa = PBXBuildFile; fileRef = 90F62A80205ED07B002FE66B /* Media.xcassets */; };
		90F62A83205ED085002FE66B /* BrandViewOventus.swift in Sources */ = {isa = PBXBuildFile; fileRef = 90F62A82205ED085002FE66B /* BrandViewOventus.swift */; };
		90F62A86205ED336002FE66B /* Media.xcassets in Resources */ = {isa = PBXBuildFile; fileRef = 90F62A85205ED336002FE66B /* Media.xcassets */; };
		90F62A88205ED341002FE66B /* BrandViewRemotex.swift in Sources */ = {isa = PBXBuildFile; fileRef = 90F62A87205ED341002FE66B /* BrandViewRemotex.swift */; };
		90FAEEE0205D53B900C4BCD1 /* Media.xcassets in Resources */ = {isa = PBXBuildFile; fileRef = 90FAEEDF205D53B900C4BCD1 /* Media.xcassets */; };
		90FAEEE2205D53C600C4BCD1 /* Media.xcassets in Resources */ = {isa = PBXBuildFile; fileRef = 90FAEEE1205D53C600C4BCD1 /* Media.xcassets */; };
		90FAEEE4205D53CC00C4BCD1 /* Media.xcassets in Resources */ = {isa = PBXBuildFile; fileRef = 90FAEEE3205D53CC00C4BCD1 /* Media.xcassets */; };
		90FAEEE6205D53D300C4BCD1 /* Media.xcassets in Resources */ = {isa = PBXBuildFile; fileRef = 90FAEEE5205D53D300C4BCD1 /* Media.xcassets */; };
		90FAEEE8205D53D800C4BCD1 /* Media.xcassets in Resources */ = {isa = PBXBuildFile; fileRef = 90FAEEE7205D53D800C4BCD1 /* Media.xcassets */; };
		90FAEEEA205D53DE00C4BCD1 /* Media.xcassets in Resources */ = {isa = PBXBuildFile; fileRef = 90FAEEE9205D53DE00C4BCD1 /* Media.xcassets */; };
		90FAEEEC205D53E300C4BCD1 /* Media.xcassets in Resources */ = {isa = PBXBuildFile; fileRef = 90FAEEEB205D53E300C4BCD1 /* Media.xcassets */; };
		90FAEEEE205D53EA00C4BCD1 /* Media.xcassets in Resources */ = {isa = PBXBuildFile; fileRef = 90FAEEED205D53EA00C4BCD1 /* Media.xcassets */; };
		90FAEEF0205D53F500C4BCD1 /* Media.xcassets in Resources */ = {isa = PBXBuildFile; fileRef = 90FAEEEF205D53F500C4BCD1 /* Media.xcassets */; };
		90FAEEF2205D53FD00C4BCD1 /* Media.xcassets in Resources */ = {isa = PBXBuildFile; fileRef = 90FAEEF1205D53FD00C4BCD1 /* Media.xcassets */; };
		90FAEEF4205D540300C4BCD1 /* Media.xcassets in Resources */ = {isa = PBXBuildFile; fileRef = 90FAEEF3205D540300C4BCD1 /* Media.xcassets */; };
		90FAEEF6205D540800C4BCD1 /* Media.xcassets in Resources */ = {isa = PBXBuildFile; fileRef = 90FAEEF5205D540800C4BCD1 /* Media.xcassets */; };
		90FAEEF8205D540E00C4BCD1 /* Media.xcassets in Resources */ = {isa = PBXBuildFile; fileRef = 90FAEEF7205D540E00C4BCD1 /* Media.xcassets */; };
		90FAEEFA205D541300C4BCD1 /* Media.xcassets in Resources */ = {isa = PBXBuildFile; fileRef = 90FAEEF9205D541300C4BCD1 /* Media.xcassets */; };
		90FAEEFC205D541800C4BCD1 /* Media.xcassets in Resources */ = {isa = PBXBuildFile; fileRef = 90FAEEFB205D541800C4BCD1 /* Media.xcassets */; };
		90FAEEFE205D55A100C4BCD1 /* BrandViewAntiflex.swift in Sources */ = {isa = PBXBuildFile; fileRef = 90FAEEFD205D55A100C4BCD1 /* BrandViewAntiflex.swift */; };
		90FAEF00205D55B000C4BCD1 /* BrandViewBrentax.swift in Sources */ = {isa = PBXBuildFile; fileRef = 90FAEEFF205D55B000C4BCD1 /* BrandViewBrentax.swift */; };
		90FAEF02205D55BC00C4BCD1 /* BrandViewCromteq.swift in Sources */ = {isa = PBXBuildFile; fileRef = 90FAEF01205D55BC00C4BCD1 /* BrandViewCromteq.swift */; };
		90FAEF04205D55C500C4BCD1 /* BrandViewDistando.swift in Sources */ = {isa = PBXBuildFile; fileRef = 90FAEF03205D55C500C4BCD1 /* BrandViewDistando.swift */; };
		90FAEF06205D55D100C4BCD1 /* BrandViewEftua.swift in Sources */ = {isa = PBXBuildFile; fileRef = 90FAEF05205D55D100C4BCD1 /* BrandViewEftua.swift */; };
		90FAEF08205D55DA00C4BCD1 /* BrandViewFantisol.swift in Sources */ = {isa = PBXBuildFile; fileRef = 90FAEF07205D55DA00C4BCD1 /* BrandViewFantisol.swift */; };
		90FAEF0A205D55EA00C4BCD1 /* BrandViewFreemo.swift in Sources */ = {isa = PBXBuildFile; fileRef = 90FAEF09205D55EA00C4BCD1 /* BrandViewFreemo.swift */; };
		90FAEF0C205D55F400C4BCD1 /* BrandViewGiontas.swift in Sources */ = {isa = PBXBuildFile; fileRef = 90FAEF0B205D55F400C4BCD1 /* BrandViewGiontas.swift */; };
		90FAEF0E205D55FD00C4BCD1 /* BrandViewHaemo.swift in Sources */ = {isa = PBXBuildFile; fileRef = 90FAEF0D205D55FD00C4BCD1 /* BrandViewHaemo.swift */; };
		90FAEF10205D560400C4BCD1 /* BrandViewIodyne.swift in Sources */ = {isa = PBXBuildFile; fileRef = 90FAEF0F205D560400C4BCD1 /* BrandViewIodyne.swift */; };
		90FAEF12205D560C00C4BCD1 /* BrandViewJoolenta.swift in Sources */ = {isa = PBXBuildFile; fileRef = 90FAEF11205D560C00C4BCD1 /* BrandViewJoolenta.swift */; };
		90FAEF15205D561B00C4BCD1 /* BrandViewKreaten.swift in Sources */ = {isa = PBXBuildFile; fileRef = 90FAEF14205D561B00C4BCD1 /* BrandViewKreaten.swift */; };
		90FAEF17205D562500C4BCD1 /* BrandViewLateqniq.swift in Sources */ = {isa = PBXBuildFile; fileRef = 90FAEF16205D562500C4BCD1 /* BrandViewLateqniq.swift */; };
		90FAEF19205D562E00C4BCD1 /* BrandViewMurtelio.swift in Sources */ = {isa = PBXBuildFile; fileRef = 90FAEF18205D562E00C4BCD1 /* BrandViewMurtelio.swift */; };
		90FAEF1B205D563E00C4BCD1 /* BrandViewWebtraks.swift in Sources */ = {isa = PBXBuildFile; fileRef = 90FAEF1A205D563E00C4BCD1 /* BrandViewWebtraks.swift */; };
		90FAEF1D205D65FE00C4BCD1 /* Constants.swift in Sources */ = {isa = PBXBuildFile; fileRef = 90FAEF1C205D65FE00C4BCD1 /* Constants.swift */; };
		90FAEF20205D6CC500C4BCD1 /* Media.xcassets in Resources */ = {isa = PBXBuildFile; fileRef = 90FAEF1F205D6CC500C4BCD1 /* Media.xcassets */; };
		90FAEF22205D6CD600C4BCD1 /* BrandViewPreolio.swift in Sources */ = {isa = PBXBuildFile; fileRef = 90FAEF21205D6CD600C4BCD1 /* BrandViewPreolio.swift */; };
		90FAEF25205D716800C4BCD1 /* Media.xcassets in Resources */ = {isa = PBXBuildFile; fileRef = 90FAEF24205D716800C4BCD1 /* Media.xcassets */; };
		90FAEF27205D717500C4BCD1 /* BrandViewYamageruto.swift in Sources */ = {isa = PBXBuildFile; fileRef = 90FAEF26205D717500C4BCD1 /* BrandViewYamageruto.swift */; };
		90FAEF2A205D739F00C4BCD1 /* Media.xcassets in Resources */ = {isa = PBXBuildFile; fileRef = 90FAEF29205D739F00C4BCD1 /* Media.xcassets */; };
		90FAEF2C205D73A800C4BCD1 /* BrandViewUltrox.swift in Sources */ = {isa = PBXBuildFile; fileRef = 90FAEF2B205D73A800C4BCD1 /* BrandViewUltrox.swift */; };
		90FF05522067B83D00B46575 /* MainScene.swift in Sources */ = {isa = PBXBuildFile; fileRef = 90FF05512067B83D00B46575 /* MainScene.swift */; };
		90FF05542067B8E500B46575 /* MiddleScene.swift in Sources */ = {isa = PBXBuildFile; fileRef = 90FF05532067B8E500B46575 /* MiddleScene.swift */; };
		90FF05562067BF6A00B46575 /* noise.shader.fragment in Resources */ = {isa = PBXBuildFile; fileRef = 90FF05552067BF6A00B46575 /* noise.shader.fragment */; };
/* End PBXBuildFile section */

/* Begin PBXFileReference section */
		9042B7212056F88C000DB49A /* demo.app */ = {isa = PBXFileReference; explicitFileType = wrapper.application; includeInIndex = 0; path = demo.app; sourceTree = BUILT_PRODUCTS_DIR; };
		9042B7242056F88C000DB49A /* AppDelegate.swift */ = {isa = PBXFileReference; lastKnownFileType = sourcecode.swift; path = AppDelegate.swift; sourceTree = "<group>"; };
		9042B7262056F88C000DB49A /* ViewController.swift */ = {isa = PBXFileReference; lastKnownFileType = sourcecode.swift; path = ViewController.swift; sourceTree = "<group>"; };
		9042B72B2056F88C000DB49A /* Assets.xcassets */ = {isa = PBXFileReference; lastKnownFileType = folder.assetcatalog; path = Assets.xcassets; sourceTree = "<group>"; };
		9042B72E2056F88C000DB49A /* Base */ = {isa = PBXFileReference; lastKnownFileType = file.storyboard; name = Base; path = Base.lproj/LaunchScreen.storyboard; sourceTree = "<group>"; };
		9042B7302056F88C000DB49A /* Info.plist */ = {isa = PBXFileReference; lastKnownFileType = text.plist.xml; path = Info.plist; sourceTree = "<group>"; };
		90C8364920680C640047D3D1 /* SceneKitUtils.swift */ = {isa = PBXFileReference; lastKnownFileType = sourcecode.swift; path = SceneKitUtils.swift; sourceTree = "<group>"; };
		90C83651206812BA0047D3D1 /* gear.dae */ = {isa = PBXFileReference; fileEncoding = 4; lastKnownFileType = text.xml.dae; path = gear.dae; sourceTree = "<group>"; };
		90D241BF205D42690086B982 /* audio.mp3 */ = {isa = PBXFileReference; lastKnownFileType = audio.mp3; path = audio.mp3; sourceTree = "<group>"; };
		90D241C1205D4ED40086B982 /* BrandView.swift */ = {isa = PBXFileReference; lastKnownFileType = sourcecode.swift; path = BrandView.swift; sourceTree = "<group>"; };
		90D241C3205D4F200086B982 /* BrandViewContainerView.swift */ = {isa = PBXFileReference; lastKnownFileType = sourcecode.swift; path = BrandViewContainerView.swift; sourceTree = "<group>"; };
		90F2D312205EE63F00419813 /* Media.xcassets */ = {isa = PBXFileReference; lastKnownFileType = folder.assetcatalog; path = Media.xcassets; sourceTree = "<group>"; };
		90F2D314205EE64900419813 /* BrandViewNeandertek.swift */ = {isa = PBXFileReference; lastKnownFileType = sourcecode.swift; path = BrandViewNeandertek.swift; sourceTree = "<group>"; };
		90F2D317205EE74A00419813 /* Media.xcassets */ = {isa = PBXFileReference; lastKnownFileType = folder.assetcatalog; path = Media.xcassets; sourceTree = "<group>"; };
		90F2D319205EE75700419813 /* BrandViewQuantifex.swift */ = {isa = PBXFileReference; lastKnownFileType = sourcecode.swift; path = BrandViewQuantifex.swift; sourceTree = "<group>"; };
		90F2D31C205EE8C400419813 /* Media.xcassets */ = {isa = PBXFileReference; lastKnownFileType = folder.assetcatalog; path = Media.xcassets; sourceTree = "<group>"; };
		90F2D31E205EE8CE00419813 /* BrandViewSantafelos.swift */ = {isa = PBXFileReference; lastKnownFileType = sourcecode.swift; path = BrandViewSantafelos.swift; sourceTree = "<group>"; };
		90F2D321205EED6000419813 /* Media.xcassets */ = {isa = PBXFileReference; lastKnownFileType = folder.assetcatalog; path = Media.xcassets; sourceTree = "<group>"; };
		90F2D323205EED6B00419813 /* BrandViewUniventa.swift */ = {isa = PBXFileReference; lastKnownFileType = sourcecode.swift; path = BrandViewUniventa.swift; sourceTree = "<group>"; };
		90F2D326205EEF0800419813 /* Media.xcassets */ = {isa = PBXFileReference; lastKnownFileType = folder.assetcatalog; path = Media.xcassets; sourceTree = "<group>"; };
		90F2D328205EEF1400419813 /* BrandViewVisioland.swift */ = {isa = PBXFileReference; lastKnownFileType = sourcecode.swift; path = BrandViewVisioland.swift; sourceTree = "<group>"; };
		90F2D32B205EF1B800419813 /* Media.xcassets */ = {isa = PBXFileReference; lastKnownFileType = folder.assetcatalog; path = Media.xcassets; sourceTree = "<group>"; };
		90F2D32D205EF1C300419813 /* BrandViewTechnikon.swift */ = {isa = PBXFileReference; lastKnownFileType = sourcecode.swift; path = BrandViewTechnikon.swift; sourceTree = "<group>"; };
		90F2D330205EF2BB00419813 /* Media.xcassets */ = {isa = PBXFileReference; lastKnownFileType = folder.assetcatalog; path = Media.xcassets; sourceTree = "<group>"; };
		90F2D332205EF2C500419813 /* BrandViewSeptogon.swift */ = {isa = PBXFileReference; lastKnownFileType = sourcecode.swift; path = BrandViewSeptogon.swift; sourceTree = "<group>"; };
		90F2D335205EF3CD00419813 /* Media.xcassets */ = {isa = PBXFileReference; lastKnownFileType = folder.assetcatalog; path = Media.xcassets; sourceTree = "<group>"; };
		90F2D337205EF3D700419813 /* BrandViewZophario.swift */ = {isa = PBXFileReference; lastKnownFileType = sourcecode.swift; path = BrandViewZophario.swift; sourceTree = "<group>"; };
		90F62A6B205ECBD8002FE66B /* Media.xcassets */ = {isa = PBXFileReference; lastKnownFileType = folder.assetcatalog; path = Media.xcassets; sourceTree = "<group>"; };
		90F62A6D205ECBE3002FE66B /* BrandViewXerion.swift */ = {isa = PBXFileReference; lastKnownFileType = sourcecode.swift; path = BrandViewXerion.swift; sourceTree = "<group>"; };
		90F62A70205ECC40002FE66B /* Media.xcassets */ = {isa = PBXFileReference; lastKnownFileType = folder.assetcatalog; path = Media.xcassets; sourceTree = "<group>"; };
		90F62A72205ECC4A002FE66B /* BrandViewBotastica.swift */ = {isa = PBXFileReference; lastKnownFileType = sourcecode.swift; path = BrandViewBotastica.swift; sourceTree = "<group>"; };
		90F62A75205ECDEB002FE66B /* Media.xcassets */ = {isa = PBXFileReference; lastKnownFileType = folder.assetcatalog; path = Media.xcassets; sourceTree = "<group>"; };
		90F62A77205ECDF5002FE66B /* BrandViewEkrom.swift */ = {isa = PBXFileReference; lastKnownFileType = sourcecode.swift; path = BrandViewEkrom.swift; sourceTree = "<group>"; };
		90F62A7A205ECF4D002FE66B /* Media.xcassets */ = {isa = PBXFileReference; lastKnownFileType = folder.assetcatalog; path = Media.xcassets; sourceTree = "<group>"; };
		90F62A7C205ECF56002FE66B /* BrandViewOeland.swift */ = {isa = PBXFileReference; lastKnownFileType = sourcecode.swift; path = BrandViewOeland.swift; sourceTree = "<group>"; };
		90F62A80205ED07B002FE66B /* Media.xcassets */ = {isa = PBXFileReference; lastKnownFileType = folder.assetcatalog; path = Media.xcassets; sourceTree = "<group>"; };
		90F62A82205ED085002FE66B /* BrandViewOventus.swift */ = {isa = PBXFileReference; lastKnownFileType = sourcecode.swift; path = BrandViewOventus.swift; sourceTree = "<group>"; };
		90F62A85205ED336002FE66B /* Media.xcassets */ = {isa = PBXFileReference; lastKnownFileType = folder.assetcatalog; path = Media.xcassets; sourceTree = "<group>"; };
		90F62A87205ED341002FE66B /* BrandViewRemotex.swift */ = {isa = PBXFileReference; lastKnownFileType = sourcecode.swift; path = BrandViewRemotex.swift; sourceTree = "<group>"; };
		90FAEEDF205D53B900C4BCD1 /* Media.xcassets */ = {isa = PBXFileReference; lastKnownFileType = folder.assetcatalog; path = Media.xcassets; sourceTree = "<group>"; };
		90FAEEE1205D53C600C4BCD1 /* Media.xcassets */ = {isa = PBXFileReference; lastKnownFileType = folder.assetcatalog; path = Media.xcassets; sourceTree = "<group>"; };
		90FAEEE3205D53CC00C4BCD1 /* Media.xcassets */ = {isa = PBXFileReference; lastKnownFileType = folder.assetcatalog; path = Media.xcassets; sourceTree = "<group>"; };
		90FAEEE5205D53D300C4BCD1 /* Media.xcassets */ = {isa = PBXFileReference; lastKnownFileType = folder.assetcatalog; path = Media.xcassets; sourceTree = "<group>"; };
		90FAEEE7205D53D800C4BCD1 /* Media.xcassets */ = {isa = PBXFileReference; lastKnownFileType = folder.assetcatalog; path = Media.xcassets; sourceTree = "<group>"; };
		90FAEEE9205D53DE00C4BCD1 /* Media.xcassets */ = {isa = PBXFileReference; lastKnownFileType = folder.assetcatalog; path = Media.xcassets; sourceTree = "<group>"; };
		90FAEEEB205D53E300C4BCD1 /* Media.xcassets */ = {isa = PBXFileReference; lastKnownFileType = folder.assetcatalog; path = Media.xcassets; sourceTree = "<group>"; };
		90FAEEED205D53EA00C4BCD1 /* Media.xcassets */ = {isa = PBXFileReference; lastKnownFileType = folder.assetcatalog; path = Media.xcassets; sourceTree = "<group>"; };
		90FAEEEF205D53F500C4BCD1 /* Media.xcassets */ = {isa = PBXFileReference; lastKnownFileType = folder.assetcatalog; path = Media.xcassets; sourceTree = "<group>"; };
		90FAEEF1205D53FD00C4BCD1 /* Media.xcassets */ = {isa = PBXFileReference; lastKnownFileType = folder.assetcatalog; path = Media.xcassets; sourceTree = "<group>"; };
		90FAEEF3205D540300C4BCD1 /* Media.xcassets */ = {isa = PBXFileReference; lastKnownFileType = folder.assetcatalog; path = Media.xcassets; sourceTree = "<group>"; };
		90FAEEF5205D540800C4BCD1 /* Media.xcassets */ = {isa = PBXFileReference; lastKnownFileType = folder.assetcatalog; path = Media.xcassets; sourceTree = "<group>"; };
		90FAEEF7205D540E00C4BCD1 /* Media.xcassets */ = {isa = PBXFileReference; lastKnownFileType = folder.assetcatalog; path = Media.xcassets; sourceTree = "<group>"; };
		90FAEEF9205D541300C4BCD1 /* Media.xcassets */ = {isa = PBXFileReference; lastKnownFileType = folder.assetcatalog; path = Media.xcassets; sourceTree = "<group>"; };
		90FAEEFB205D541800C4BCD1 /* Media.xcassets */ = {isa = PBXFileReference; lastKnownFileType = folder.assetcatalog; path = Media.xcassets; sourceTree = "<group>"; };
		90FAEEFD205D55A100C4BCD1 /* BrandViewAntiflex.swift */ = {isa = PBXFileReference; lastKnownFileType = sourcecode.swift; path = BrandViewAntiflex.swift; sourceTree = "<group>"; };
		90FAEEFF205D55B000C4BCD1 /* BrandViewBrentax.swift */ = {isa = PBXFileReference; lastKnownFileType = sourcecode.swift; path = BrandViewBrentax.swift; sourceTree = "<group>"; };
		90FAEF01205D55BC00C4BCD1 /* BrandViewCromteq.swift */ = {isa = PBXFileReference; lastKnownFileType = sourcecode.swift; path = BrandViewCromteq.swift; sourceTree = "<group>"; };
		90FAEF03205D55C500C4BCD1 /* BrandViewDistando.swift */ = {isa = PBXFileReference; lastKnownFileType = sourcecode.swift; path = BrandViewDistando.swift; sourceTree = "<group>"; };
		90FAEF05205D55D100C4BCD1 /* BrandViewEftua.swift */ = {isa = PBXFileReference; lastKnownFileType = sourcecode.swift; path = BrandViewEftua.swift; sourceTree = "<group>"; };
		90FAEF07205D55DA00C4BCD1 /* BrandViewFantisol.swift */ = {isa = PBXFileReference; lastKnownFileType = sourcecode.swift; path = BrandViewFantisol.swift; sourceTree = "<group>"; };
		90FAEF09205D55EA00C4BCD1 /* BrandViewFreemo.swift */ = {isa = PBXFileReference; lastKnownFileType = sourcecode.swift; path = BrandViewFreemo.swift; sourceTree = "<group>"; };
		90FAEF0B205D55F400C4BCD1 /* BrandViewGiontas.swift */ = {isa = PBXFileReference; lastKnownFileType = sourcecode.swift; path = BrandViewGiontas.swift; sourceTree = "<group>"; };
		90FAEF0D205D55FD00C4BCD1 /* BrandViewHaemo.swift */ = {isa = PBXFileReference; lastKnownFileType = sourcecode.swift; path = BrandViewHaemo.swift; sourceTree = "<group>"; };
		90FAEF0F205D560400C4BCD1 /* BrandViewIodyne.swift */ = {isa = PBXFileReference; lastKnownFileType = sourcecode.swift; path = BrandViewIodyne.swift; sourceTree = "<group>"; };
		90FAEF11205D560C00C4BCD1 /* BrandViewJoolenta.swift */ = {isa = PBXFileReference; lastKnownFileType = sourcecode.swift; path = BrandViewJoolenta.swift; sourceTree = "<group>"; };
		90FAEF14205D561B00C4BCD1 /* BrandViewKreaten.swift */ = {isa = PBXFileReference; lastKnownFileType = sourcecode.swift; path = BrandViewKreaten.swift; sourceTree = "<group>"; };
		90FAEF16205D562500C4BCD1 /* BrandViewLateqniq.swift */ = {isa = PBXFileReference; lastKnownFileType = sourcecode.swift; path = BrandViewLateqniq.swift; sourceTree = "<group>"; };
		90FAEF18205D562E00C4BCD1 /* BrandViewMurtelio.swift */ = {isa = PBXFileReference; lastKnownFileType = sourcecode.swift; path = BrandViewMurtelio.swift; sourceTree = "<group>"; };
		90FAEF1A205D563E00C4BCD1 /* BrandViewWebtraks.swift */ = {isa = PBXFileReference; lastKnownFileType = sourcecode.swift; path = BrandViewWebtraks.swift; sourceTree = "<group>"; };
		90FAEF1C205D65FE00C4BCD1 /* Constants.swift */ = {isa = PBXFileReference; lastKnownFileType = sourcecode.swift; path = Constants.swift; sourceTree = "<group>"; };
		90FAEF1F205D6CC500C4BCD1 /* Media.xcassets */ = {isa = PBXFileReference; lastKnownFileType = folder.assetcatalog; path = Media.xcassets; sourceTree = "<group>"; };
		90FAEF21205D6CD600C4BCD1 /* BrandViewPreolio.swift */ = {isa = PBXFileReference; lastKnownFileType = sourcecode.swift; path = BrandViewPreolio.swift; sourceTree = "<group>"; };
		90FAEF24205D716800C4BCD1 /* Media.xcassets */ = {isa = PBXFileReference; lastKnownFileType = folder.assetcatalog; path = Media.xcassets; sourceTree = "<group>"; };
		90FAEF26205D717500C4BCD1 /* BrandViewYamageruto.swift */ = {isa = PBXFileReference; lastKnownFileType = sourcecode.swift; path = BrandViewYamageruto.swift; sourceTree = "<group>"; };
		90FAEF29205D739F00C4BCD1 /* Media.xcassets */ = {isa = PBXFileReference; lastKnownFileType = folder.assetcatalog; path = Media.xcassets; sourceTree = "<group>"; };
		90FAEF2B205D73A800C4BCD1 /* BrandViewUltrox.swift */ = {isa = PBXFileReference; lastKnownFileType = sourcecode.swift; path = BrandViewUltrox.swift; sourceTree = "<group>"; };
		90FF05512067B83D00B46575 /* MainScene.swift */ = {isa = PBXFileReference; lastKnownFileType = sourcecode.swift; path = MainScene.swift; sourceTree = "<group>"; };
		90FF05532067B8E500B46575 /* MiddleScene.swift */ = {isa = PBXFileReference; lastKnownFileType = sourcecode.swift; path = MiddleScene.swift; sourceTree = "<group>"; };
		90FF05552067BF6A00B46575 /* noise.shader.fragment */ = {isa = PBXFileReference; fileEncoding = 4; lastKnownFileType = sourcecode.glsl; path = noise.shader.fragment; sourceTree = "<group>"; };
/* End PBXFileReference section */

/* Begin PBXFrameworksBuildPhase section */
		9042B71E2056F88C000DB49A /* Frameworks */ = {
			isa = PBXFrameworksBuildPhase;
			buildActionMask = 2147483647;
			files = (
			);
			runOnlyForDeploymentPostprocessing = 0;
		};
/* End PBXFrameworksBuildPhase section */

/* Begin PBXGroup section */
		9042B7182056F88C000DB49A = {
			isa = PBXGroup;
			children = (
				9042B7232056F88C000DB49A /* demo */,
				9042B7222056F88C000DB49A /* Products */,
			);
			sourceTree = "<group>";
		};
		9042B7222056F88C000DB49A /* Products */ = {
			isa = PBXGroup;
			children = (
				9042B7212056F88C000DB49A /* demo.app */,
			);
			name = Products;
			sourceTree = "<group>";
		};
		9042B7232056F88C000DB49A /* demo */ = {
			isa = PBXGroup;
			children = (
				90FAEECF205D52E700C4BCD1 /* brands */,
				9042B7242056F88C000DB49A /* AppDelegate.swift */,
				9042B7262056F88C000DB49A /* ViewController.swift */,
				90D241C1205D4ED40086B982 /* BrandView.swift */,
				90D241C3205D4F200086B982 /* BrandViewContainerView.swift */,
				90FAEF1C205D65FE00C4BCD1 /* Constants.swift */,
				90FF05512067B83D00B46575 /* MainScene.swift */,
				90FF05532067B8E500B46575 /* MiddleScene.swift */,
				90C8364920680C640047D3D1 /* SceneKitUtils.swift */,
				90FF05552067BF6A00B46575 /* noise.shader.fragment */,
				9042B72B2056F88C000DB49A /* Assets.xcassets */,
				9042B72D2056F88C000DB49A /* LaunchScreen.storyboard */,
				9042B7302056F88C000DB49A /* Info.plist */,
				90D241BF205D42690086B982 /* audio.mp3 */,
				90C83651206812BA0047D3D1 /* gear.dae */,
			);
			path = demo;
			sourceTree = "<group>";
		};
		90F2D311205EE63000419813 /* neandertek */ = {
			isa = PBXGroup;
			children = (
				90F2D312205EE63F00419813 /* Media.xcassets */,
				90F2D314205EE64900419813 /* BrandViewNeandertek.swift */,
			);
			path = neandertek;
			sourceTree = "<group>";
		};
		90F2D316205EE73D00419813 /* quantifex */ = {
			isa = PBXGroup;
			children = (
				90F2D317205EE74A00419813 /* Media.xcassets */,
				90F2D319205EE75700419813 /* BrandViewQuantifex.swift */,
			);
			path = quantifex;
			sourceTree = "<group>";
		};
		90F2D31B205EE8B700419813 /* santafelos */ = {
			isa = PBXGroup;
			children = (
				90F2D31C205EE8C400419813 /* Media.xcassets */,
				90F2D31E205EE8CE00419813 /* BrandViewSantafelos.swift */,
			);
			path = santafelos;
			sourceTree = "<group>";
		};
		90F2D320205EED5100419813 /* univenta */ = {
			isa = PBXGroup;
			children = (
				90F2D321205EED6000419813 /* Media.xcassets */,
				90F2D323205EED6B00419813 /* BrandViewUniventa.swift */,
			);
			path = univenta;
			sourceTree = "<group>";
		};
		90F2D325205EEEFC00419813 /* visioland */ = {
			isa = PBXGroup;
			children = (
				90F2D326205EEF0800419813 /* Media.xcassets */,
				90F2D328205EEF1400419813 /* BrandViewVisioland.swift */,
			);
			path = visioland;
			sourceTree = "<group>";
		};
		90F2D32A205EF1AD00419813 /* technikon */ = {
			isa = PBXGroup;
			children = (
				90F2D32B205EF1B800419813 /* Media.xcassets */,
				90F2D32D205EF1C300419813 /* BrandViewTechnikon.swift */,
			);
			path = technikon;
			sourceTree = "<group>";
		};
		90F2D32F205EF2B000419813 /* septogon */ = {
			isa = PBXGroup;
			children = (
				90F2D330205EF2BB00419813 /* Media.xcassets */,
				90F2D332205EF2C500419813 /* BrandViewSeptogon.swift */,
			);
			path = septogon;
			sourceTree = "<group>";
		};
		90F2D334205EF3C100419813 /* zophario */ = {
			isa = PBXGroup;
			children = (
				90F2D335205EF3CD00419813 /* Media.xcassets */,
				90F2D337205EF3D700419813 /* BrandViewZophario.swift */,
			);
			path = zophario;
			sourceTree = "<group>";
		};
		90F62A6A205ECBC7002FE66B /* xerion */ = {
			isa = PBXGroup;
			children = (
				90F62A6B205ECBD8002FE66B /* Media.xcassets */,
				90F62A6D205ECBE3002FE66B /* BrandViewXerion.swift */,
			);
			path = xerion;
			sourceTree = "<group>";
		};
		90F62A6F205ECC2F002FE66B /* botastica */ = {
			isa = PBXGroup;
			children = (
				90F62A70205ECC40002FE66B /* Media.xcassets */,
				90F62A72205ECC4A002FE66B /* BrandViewBotastica.swift */,
			);
			path = botastica;
			sourceTree = "<group>";
		};
		90F62A74205ECDE1002FE66B /* ekrom */ = {
			isa = PBXGroup;
			children = (
				90F62A75205ECDEB002FE66B /* Media.xcassets */,
				90F62A77205ECDF5002FE66B /* BrandViewEkrom.swift */,
			);
			path = ekrom;
			sourceTree = "<group>";
		};
		90F62A79205ECF42002FE66B /* oeland */ = {
			isa = PBXGroup;
			children = (
				90F62A7A205ECF4D002FE66B /* Media.xcassets */,
				90F62A7C205ECF56002FE66B /* BrandViewOeland.swift */,
			);
			path = oeland;
			sourceTree = "<group>";
		};
		90F62A7F205ED071002FE66B /* oventus */ = {
			isa = PBXGroup;
			children = (
				90F62A80205ED07B002FE66B /* Media.xcassets */,
				90F62A82205ED085002FE66B /* BrandViewOventus.swift */,
			);
			path = oventus;
			sourceTree = "<group>";
		};
		90F62A84205ED32B002FE66B /* remotex */ = {
			isa = PBXGroup;
			children = (
				90F62A85205ED336002FE66B /* Media.xcassets */,
				90F62A87205ED341002FE66B /* BrandViewRemotex.swift */,
			);
			path = remotex;
			sourceTree = "<group>";
		};
		90FAEECF205D52E700C4BCD1 /* brands */ = {
			isa = PBXGroup;
			children = (
				90FAEED0205D532100C4BCD1 /* antiflex */,
				90F62A6F205ECC2F002FE66B /* botastica */,
				90FAEED1205D533300C4BCD1 /* brentax */,
				90FAEED2205D533B00C4BCD1 /* cromteq */,
				90FAEED3205D534300C4BCD1 /* distando */,
				90FAEED4205D534800C4BCD1 /* eftua */,
				90F62A74205ECDE1002FE66B /* ekrom */,
				90FAEED5205D534F00C4BCD1 /* fantisol */,
				90FAEED6205D535500C4BCD1 /* freemo */,
				90FAEED7205D535900C4BCD1 /* giontas */,
				90FAEED8205D536000C4BCD1 /* haemo */,
				90FAEED9205D536500C4BCD1 /* iodyne */,
				90FAEEDA205D536B00C4BCD1 /* joolenta */,
				90FAEEDB205D537200C4BCD1 /* kreaten */,
				90FAEEDC205D537700C4BCD1 /* lateqniq */,
				90FAEEDD205D537E00C4BCD1 /* murtelio */,
				90F2D311205EE63000419813 /* neandertek */,
				90F62A79205ECF42002FE66B /* oeland */,
				90F62A7F205ED071002FE66B /* oventus */,
				90FAEF1E205D6CB700C4BCD1 /* preolio */,
				90F2D316205EE73D00419813 /* quantifex */,
				90F62A84205ED32B002FE66B /* remotex */,
				90F2D31B205EE8B700419813 /* santafelos */,
				90F2D32F205EF2B000419813 /* septogon */,
				90F2D32A205EF1AD00419813 /* technikon */,
				90FAEF28205D739300C4BCD1 /* ultrox */,
				90F2D320205EED5100419813 /* univenta */,
				90F2D325205EEEFC00419813 /* visioland */,
				90FAEEDE205D538700C4BCD1 /* webtraks */,
				90F62A6A205ECBC7002FE66B /* xerion */,
				90FAEF23205D715C00C4BCD1 /* yamageruto */,
				90F2D334205EF3C100419813 /* zophario */,
			);
			path = brands;
			sourceTree = "<group>";
		};
		90FAEED0205D532100C4BCD1 /* antiflex */ = {
			isa = PBXGroup;
			children = (
				90FAEEDF205D53B900C4BCD1 /* Media.xcassets */,
				90FAEEFD205D55A100C4BCD1 /* BrandViewAntiflex.swift */,
			);
			path = antiflex;
			sourceTree = "<group>";
		};
		90FAEED1205D533300C4BCD1 /* brentax */ = {
			isa = PBXGroup;
			children = (
				90FAEEE1205D53C600C4BCD1 /* Media.xcassets */,
				90FAEEFF205D55B000C4BCD1 /* BrandViewBrentax.swift */,
			);
			path = brentax;
			sourceTree = "<group>";
		};
		90FAEED2205D533B00C4BCD1 /* cromteq */ = {
			isa = PBXGroup;
			children = (
				90FAEEE3205D53CC00C4BCD1 /* Media.xcassets */,
				90FAEF01205D55BC00C4BCD1 /* BrandViewCromteq.swift */,
			);
			path = cromteq;
			sourceTree = "<group>";
		};
		90FAEED3205D534300C4BCD1 /* distando */ = {
			isa = PBXGroup;
			children = (
				90FAEEE5205D53D300C4BCD1 /* Media.xcassets */,
				90FAEF03205D55C500C4BCD1 /* BrandViewDistando.swift */,
			);
			path = distando;
			sourceTree = "<group>";
		};
		90FAEED4205D534800C4BCD1 /* eftua */ = {
			isa = PBXGroup;
			children = (
				90FAEEE7205D53D800C4BCD1 /* Media.xcassets */,
				90FAEF05205D55D100C4BCD1 /* BrandViewEftua.swift */,
			);
			path = eftua;
			sourceTree = "<group>";
		};
		90FAEED5205D534F00C4BCD1 /* fantisol */ = {
			isa = PBXGroup;
			children = (
				90FAEEE9205D53DE00C4BCD1 /* Media.xcassets */,
				90FAEF07205D55DA00C4BCD1 /* BrandViewFantisol.swift */,
			);
			path = fantisol;
			sourceTree = "<group>";
		};
		90FAEED6205D535500C4BCD1 /* freemo */ = {
			isa = PBXGroup;
			children = (
				90FAEEEB205D53E300C4BCD1 /* Media.xcassets */,
				90FAEF09205D55EA00C4BCD1 /* BrandViewFreemo.swift */,
			);
			path = freemo;
			sourceTree = "<group>";
		};
		90FAEED7205D535900C4BCD1 /* giontas */ = {
			isa = PBXGroup;
			children = (
				90FAEEED205D53EA00C4BCD1 /* Media.xcassets */,
				90FAEF0B205D55F400C4BCD1 /* BrandViewGiontas.swift */,
			);
			path = giontas;
			sourceTree = "<group>";
		};
		90FAEED8205D536000C4BCD1 /* haemo */ = {
			isa = PBXGroup;
			children = (
				90FAEEEF205D53F500C4BCD1 /* Media.xcassets */,
				90FAEF0D205D55FD00C4BCD1 /* BrandViewHaemo.swift */,
			);
			path = haemo;
			sourceTree = "<group>";
		};
		90FAEED9205D536500C4BCD1 /* iodyne */ = {
			isa = PBXGroup;
			children = (
				90FAEEF1205D53FD00C4BCD1 /* Media.xcassets */,
				90FAEF0F205D560400C4BCD1 /* BrandViewIodyne.swift */,
			);
			path = iodyne;
			sourceTree = "<group>";
		};
		90FAEEDA205D536B00C4BCD1 /* joolenta */ = {
			isa = PBXGroup;
			children = (
				90FAEEF3205D540300C4BCD1 /* Media.xcassets */,
				90FAEF11205D560C00C4BCD1 /* BrandViewJoolenta.swift */,
			);
			path = joolenta;
			sourceTree = "<group>";
		};
		90FAEEDB205D537200C4BCD1 /* kreaten */ = {
			isa = PBXGroup;
			children = (
				90FAEEF5205D540800C4BCD1 /* Media.xcassets */,
				90FAEF14205D561B00C4BCD1 /* BrandViewKreaten.swift */,
			);
			path = kreaten;
			sourceTree = "<group>";
		};
		90FAEEDC205D537700C4BCD1 /* lateqniq */ = {
			isa = PBXGroup;
			children = (
				90FAEEF7205D540E00C4BCD1 /* Media.xcassets */,
				90FAEF16205D562500C4BCD1 /* BrandViewLateqniq.swift */,
			);
			path = lateqniq;
			sourceTree = "<group>";
		};
		90FAEEDD205D537E00C4BCD1 /* murtelio */ = {
			isa = PBXGroup;
			children = (
				90FAEEF9205D541300C4BCD1 /* Media.xcassets */,
				90FAEF18205D562E00C4BCD1 /* BrandViewMurtelio.swift */,
			);
			path = murtelio;
			sourceTree = "<group>";
		};
		90FAEEDE205D538700C4BCD1 /* webtraks */ = {
			isa = PBXGroup;
			children = (
				90FAEEFB205D541800C4BCD1 /* Media.xcassets */,
				90FAEF1A205D563E00C4BCD1 /* BrandViewWebtraks.swift */,
			);
			path = webtraks;
			sourceTree = "<group>";
		};
		90FAEF1E205D6CB700C4BCD1 /* preolio */ = {
			isa = PBXGroup;
			children = (
				90FAEF1F205D6CC500C4BCD1 /* Media.xcassets */,
				90FAEF21205D6CD600C4BCD1 /* BrandViewPreolio.swift */,
			);
			path = preolio;
			sourceTree = "<group>";
		};
		90FAEF23205D715C00C4BCD1 /* yamageruto */ = {
			isa = PBXGroup;
			children = (
				90FAEF24205D716800C4BCD1 /* Media.xcassets */,
				90FAEF26205D717500C4BCD1 /* BrandViewYamageruto.swift */,
			);
			path = yamageruto;
			sourceTree = "<group>";
		};
		90FAEF28205D739300C4BCD1 /* ultrox */ = {
			isa = PBXGroup;
			children = (
				90FAEF29205D739F00C4BCD1 /* Media.xcassets */,
				90FAEF2B205D73A800C4BCD1 /* BrandViewUltrox.swift */,
			);
			path = ultrox;
			sourceTree = "<group>";
		};
/* End PBXGroup section */

/* Begin PBXNativeTarget section */
		9042B7202056F88C000DB49A /* demo */ = {
			isa = PBXNativeTarget;
			buildConfigurationList = 9042B7332056F88C000DB49A /* Build configuration list for PBXNativeTarget "demo" */;
			buildPhases = (
				9042B71D2056F88C000DB49A /* Sources */,
				9042B71E2056F88C000DB49A /* Frameworks */,
				9042B71F2056F88C000DB49A /* Resources */,
			);
			buildRules = (
			);
			dependencies = (
			);
			name = demo;
			productName = demo;
			productReference = 9042B7212056F88C000DB49A /* demo.app */;
			productType = "com.apple.product-type.application";
		};
/* End PBXNativeTarget section */

/* Begin PBXProject section */
		9042B7192056F88C000DB49A /* Project object */ = {
			isa = PBXProject;
			attributes = {
				LastSwiftUpdateCheck = 0920;
				LastUpgradeCheck = 0920;
				ORGANIZATIONNAME = Dekadence;
				TargetAttributes = {
					9042B7202056F88C000DB49A = {
						CreatedOnToolsVersion = 9.2;
						ProvisioningStyle = Automatic;
					};
				};
			};
			buildConfigurationList = 9042B71C2056F88C000DB49A /* Build configuration list for PBXProject "demo" */;
			compatibilityVersion = "Xcode 8.0";
			developmentRegion = en;
			hasScannedForEncodings = 0;
			knownRegions = (
				en,
				Base,
			);
			mainGroup = 9042B7182056F88C000DB49A;
			productRefGroup = 9042B7222056F88C000DB49A /* Products */;
			projectDirPath = "";
			projectRoot = "";
			targets = (
				9042B7202056F88C000DB49A /* demo */,
			);
		};
/* End PBXProject section */

/* Begin PBXResourcesBuildPhase section */
		9042B71F2056F88C000DB49A /* Resources */ = {
			isa = PBXResourcesBuildPhase;
			buildActionMask = 2147483647;
			files = (
				90FAEEEC205D53E300C4BCD1 /* Media.xcassets in Resources */,
				90FAEEE2205D53C600C4BCD1 /* Media.xcassets in Resources */,
				90F2D313205EE63F00419813 /* Media.xcassets in Resources */,
				90F62A81205ED07B002FE66B /* Media.xcassets in Resources */,
				90FAEEF4205D540300C4BCD1 /* Media.xcassets in Resources */,
				90FAEEFA205D541300C4BCD1 /* Media.xcassets in Resources */,
				90FAEEF2205D53FD00C4BCD1 /* Media.xcassets in Resources */,
				90F62A7B205ECF4D002FE66B /* Media.xcassets in Resources */,
				9042B72F2056F88C000DB49A /* LaunchScreen.storyboard in Resources */,
				90FAEEE8205D53D800C4BCD1 /* Media.xcassets in Resources */,
				90F2D327205EEF0800419813 /* Media.xcassets in Resources */,
				90F2D31D205EE8C400419813 /* Media.xcassets in Resources */,
				90FAEF20205D6CC500C4BCD1 /* Media.xcassets in Resources */,
				90FAEEE6205D53D300C4BCD1 /* Media.xcassets in Resources */,
				90FF05562067BF6A00B46575 /* noise.shader.fragment in Resources */,
				90FAEEEE205D53EA00C4BCD1 /* Media.xcassets in Resources */,
				90F62A76205ECDEB002FE66B /* Media.xcassets in Resources */,
				90C83652206812BA0047D3D1 /* gear.dae in Resources */,
				90F2D32C205EF1B800419813 /* Media.xcassets in Resources */,
				90FAEF25205D716800C4BCD1 /* Media.xcassets in Resources */,
				90F2D322205EED6000419813 /* Media.xcassets in Resources */,
				90F62A71205ECC40002FE66B /* Media.xcassets in Resources */,
				90F2D331205EF2BB00419813 /* Media.xcassets in Resources */,
				90D241C0205D42690086B982 /* audio.mp3 in Resources */,
				90F62A86205ED336002FE66B /* Media.xcassets in Resources */,
				90FAEEE0205D53B900C4BCD1 /* Media.xcassets in Resources */,
				90FAEEF8205D540E00C4BCD1 /* Media.xcassets in Resources */,
				90FAEEF6205D540800C4BCD1 /* Media.xcassets in Resources */,
				90FAEEE4205D53CC00C4BCD1 /* Media.xcassets in Resources */,
				90F62A6C205ECBD8002FE66B /* Media.xcassets in Resources */,
				90FAEF2A205D739F00C4BCD1 /* Media.xcassets in Resources */,
				90FAEEEA205D53DE00C4BCD1 /* Media.xcassets in Resources */,
				90F2D336205EF3CD00419813 /* Media.xcassets in Resources */,
				90F2D318205EE74A00419813 /* Media.xcassets in Resources */,
				90FAEEF0205D53F500C4BCD1 /* Media.xcassets in Resources */,
				90FAEEFC205D541800C4BCD1 /* Media.xcassets in Resources */,
				9042B72C2056F88C000DB49A /* Assets.xcassets in Resources */,
			);
			runOnlyForDeploymentPostprocessing = 0;
		};
/* End PBXResourcesBuildPhase section */

/* Begin PBXSourcesBuildPhase section */
		9042B71D2056F88C000DB49A /* Sources */ = {
			isa = PBXSourcesBuildPhase;
			buildActionMask = 2147483647;
			files = (
				90FAEF02205D55BC00C4BCD1 /* BrandViewCromteq.swift in Sources */,
				9042B7272056F88C000DB49A /* ViewController.swift in Sources */,
				90FAEF0A205D55EA00C4BCD1 /* BrandViewFreemo.swift in Sources */,
				90F2D315205EE64900419813 /* BrandViewNeandertek.swift in Sources */,
				90FAEF04205D55C500C4BCD1 /* BrandViewDistando.swift in Sources */,
				90FAEF06205D55D100C4BCD1 /* BrandViewEftua.swift in Sources */,
				90F2D31F205EE8CE00419813 /* BrandViewSantafelos.swift in Sources */,
				90F62A73205ECC4A002FE66B /* BrandViewBotastica.swift in Sources */,
				90FAEF08205D55DA00C4BCD1 /* BrandViewFantisol.swift in Sources */,
				90D241C2205D4ED40086B982 /* BrandView.swift in Sources */,
				90F2D324205EED6B00419813 /* BrandViewUniventa.swift in Sources */,
				90F2D333205EF2C500419813 /* BrandViewSeptogon.swift in Sources */,
				9042B7252056F88C000DB49A /* AppDelegate.swift in Sources */,
				90FAEF10205D560400C4BCD1 /* BrandViewIodyne.swift in Sources */,
				90FAEF0C205D55F400C4BCD1 /* BrandViewGiontas.swift in Sources */,
				90F62A88205ED341002FE66B /* BrandViewRemotex.swift in Sources */,
				90FAEF27205D717500C4BCD1 /* BrandViewYamageruto.swift in Sources */,
				90FAEF1B205D563E00C4BCD1 /* BrandViewWebtraks.swift in Sources */,
				90FAEF0E205D55FD00C4BCD1 /* BrandViewHaemo.swift in Sources */,
				90F2D338205EF3D700419813 /* BrandViewZophario.swift in Sources */,
				90FAEF00205D55B000C4BCD1 /* BrandViewBrentax.swift in Sources */,
				90C8364A20680C640047D3D1 /* SceneKitUtils.swift in Sources */,
				90F2D32E205EF1C300419813 /* BrandViewTechnikon.swift in Sources */,
				90FAEEFE205D55A100C4BCD1 /* BrandViewAntiflex.swift in Sources */,
				90FAEF19205D562E00C4BCD1 /* BrandViewMurtelio.swift in Sources */,
				90F62A78205ECDF5002FE66B /* BrandViewEkrom.swift in Sources */,
				90FAEF1D205D65FE00C4BCD1 /* Constants.swift in Sources */,
				90FF05542067B8E500B46575 /* MiddleScene.swift in Sources */,
				90FAEF15205D561B00C4BCD1 /* BrandViewKreaten.swift in Sources */,
				90F62A7D205ECF56002FE66B /* BrandViewOeland.swift in Sources */,
				90FAEF17205D562500C4BCD1 /* BrandViewLateqniq.swift in Sources */,
				90FAEF22205D6CD600C4BCD1 /* BrandViewPreolio.swift in Sources */,
				90FAEF2C205D73A800C4BCD1 /* BrandViewUltrox.swift in Sources */,
				90D241C4205D4F200086B982 /* BrandViewContainerView.swift in Sources */,
				90FAEF12205D560C00C4BCD1 /* BrandViewJoolenta.swift in Sources */,
				90F2D329205EEF1400419813 /* BrandViewVisioland.swift in Sources */,
				90F2D31A205EE75700419813 /* BrandViewQuantifex.swift in Sources */,
				90FF05522067B83D00B46575 /* MainScene.swift in Sources */,
				90F62A6E205ECBE3002FE66B /* BrandViewXerion.swift in Sources */,
				90F62A83205ED085002FE66B /* BrandViewOventus.swift in Sources */,
			);
			runOnlyForDeploymentPostprocessing = 0;
		};
/* End PBXSourcesBuildPhase section */

/* Begin PBXVariantGroup section */
		9042B72D2056F88C000DB49A /* LaunchScreen.storyboard */ = {
			isa = PBXVariantGroup;
			children = (
				9042B72E2056F88C000DB49A /* Base */,
			);
			name = LaunchScreen.storyboard;
			sourceTree = "<group>";
		};
/* End PBXVariantGroup section */

/* Begin XCBuildConfiguration section */
		9042B7312056F88C000DB49A /* Debug */ = {
			isa = XCBuildConfiguration;
			buildSettings = {
				ALWAYS_SEARCH_USER_PATHS = NO;
				CLANG_ANALYZER_NONNULL = YES;
				CLANG_ANALYZER_NUMBER_OBJECT_CONVERSION = YES_AGGRESSIVE;
				CLANG_CXX_LANGUAGE_STANDARD = "gnu++14";
				CLANG_CXX_LIBRARY = "libc++";
				CLANG_ENABLE_MODULES = YES;
				CLANG_ENABLE_OBJC_ARC = YES;
				CLANG_WARN_BLOCK_CAPTURE_AUTORELEASING = YES;
				CLANG_WARN_BOOL_CONVERSION = YES;
				CLANG_WARN_COMMA = YES;
				CLANG_WARN_CONSTANT_CONVERSION = YES;
				CLANG_WARN_DIRECT_OBJC_ISA_USAGE = YES_ERROR;
				CLANG_WARN_DOCUMENTATION_COMMENTS = YES;
				CLANG_WARN_EMPTY_BODY = YES;
				CLANG_WARN_ENUM_CONVERSION = YES;
				CLANG_WARN_INFINITE_RECURSION = YES;
				CLANG_WARN_INT_CONVERSION = YES;
				CLANG_WARN_NON_LITERAL_NULL_CONVERSION = YES;
				CLANG_WARN_OBJC_LITERAL_CONVERSION = YES;
				CLANG_WARN_OBJC_ROOT_CLASS = YES_ERROR;
				CLANG_WARN_RANGE_LOOP_ANALYSIS = YES;
				CLANG_WARN_STRICT_PROTOTYPES = YES;
				CLANG_WARN_SUSPICIOUS_MOVE = YES;
				CLANG_WARN_UNGUARDED_AVAILABILITY = YES_AGGRESSIVE;
				CLANG_WARN_UNREACHABLE_CODE = YES;
				CLANG_WARN__DUPLICATE_METHOD_MATCH = YES;
				CODE_SIGN_IDENTITY = "iPhone Developer";
				COPY_PHASE_STRIP = NO;
				DEBUG_INFORMATION_FORMAT = dwarf;
				ENABLE_STRICT_OBJC_MSGSEND = YES;
				ENABLE_TESTABILITY = YES;
				GCC_C_LANGUAGE_STANDARD = gnu11;
				GCC_DYNAMIC_NO_PIC = NO;
				GCC_NO_COMMON_BLOCKS = YES;
				GCC_OPTIMIZATION_LEVEL = 0;
				GCC_PREPROCESSOR_DEFINITIONS = (
					"DEBUG=1",
					"$(inherited)",
				);
				GCC_WARN_64_TO_32_BIT_CONVERSION = YES;
				GCC_WARN_ABOUT_RETURN_TYPE = YES_ERROR;
				GCC_WARN_UNDECLARED_SELECTOR = YES;
				GCC_WARN_UNINITIALIZED_AUTOS = YES_AGGRESSIVE;
				GCC_WARN_UNUSED_FUNCTION = YES;
				GCC_WARN_UNUSED_VARIABLE = YES;
				IPHONEOS_DEPLOYMENT_TARGET = 11.2;
				MTL_ENABLE_DEBUG_INFO = YES;
				ONLY_ACTIVE_ARCH = YES;
				SDKROOT = iphoneos;
				SWIFT_ACTIVE_COMPILATION_CONDITIONS = DEBUG;
				SWIFT_OPTIMIZATION_LEVEL = "-Onone";
			};
			name = Debug;
		};
		9042B7322056F88C000DB49A /* Release */ = {
			isa = XCBuildConfiguration;
			buildSettings = {
				ALWAYS_SEARCH_USER_PATHS = NO;
				CLANG_ANALYZER_NONNULL = YES;
				CLANG_ANALYZER_NUMBER_OBJECT_CONVERSION = YES_AGGRESSIVE;
				CLANG_CXX_LANGUAGE_STANDARD = "gnu++14";
				CLANG_CXX_LIBRARY = "libc++";
				CLANG_ENABLE_MODULES = YES;
				CLANG_ENABLE_OBJC_ARC = YES;
				CLANG_WARN_BLOCK_CAPTURE_AUTORELEASING = YES;
				CLANG_WARN_BOOL_CONVERSION = YES;
				CLANG_WARN_COMMA = YES;
				CLANG_WARN_CONSTANT_CONVERSION = YES;
				CLANG_WARN_DIRECT_OBJC_ISA_USAGE = YES_ERROR;
				CLANG_WARN_DOCUMENTATION_COMMENTS = YES;
				CLANG_WARN_EMPTY_BODY = YES;
				CLANG_WARN_ENUM_CONVERSION = YES;
				CLANG_WARN_INFINITE_RECURSION = YES;
				CLANG_WARN_INT_CONVERSION = YES;
				CLANG_WARN_NON_LITERAL_NULL_CONVERSION = YES;
				CLANG_WARN_OBJC_LITERAL_CONVERSION = YES;
				CLANG_WARN_OBJC_ROOT_CLASS = YES_ERROR;
				CLANG_WARN_RANGE_LOOP_ANALYSIS = YES;
				CLANG_WARN_STRICT_PROTOTYPES = YES;
				CLANG_WARN_SUSPICIOUS_MOVE = YES;
				CLANG_WARN_UNGUARDED_AVAILABILITY = YES_AGGRESSIVE;
				CLANG_WARN_UNREACHABLE_CODE = YES;
				CLANG_WARN__DUPLICATE_METHOD_MATCH = YES;
				CODE_SIGN_IDENTITY = "iPhone Developer";
				COPY_PHASE_STRIP = NO;
				DEBUG_INFORMATION_FORMAT = "dwarf-with-dsym";
				ENABLE_NS_ASSERTIONS = NO;
				ENABLE_STRICT_OBJC_MSGSEND = YES;
				GCC_C_LANGUAGE_STANDARD = gnu11;
				GCC_NO_COMMON_BLOCKS = YES;
				GCC_WARN_64_TO_32_BIT_CONVERSION = YES;
				GCC_WARN_ABOUT_RETURN_TYPE = YES_ERROR;
				GCC_WARN_UNDECLARED_SELECTOR = YES;
				GCC_WARN_UNINITIALIZED_AUTOS = YES_AGGRESSIVE;
				GCC_WARN_UNUSED_FUNCTION = YES;
				GCC_WARN_UNUSED_VARIABLE = YES;
				IPHONEOS_DEPLOYMENT_TARGET = 11.2;
				MTL_ENABLE_DEBUG_INFO = NO;
				SDKROOT = iphoneos;
				SWIFT_OPTIMIZATION_LEVEL = "-Owholemodule";
				VALIDATE_PRODUCT = YES;
			};
			name = Release;
		};
		9042B7342056F88C000DB49A /* Debug */ = {
			isa = XCBuildConfiguration;
			buildSettings = {
				ASSETCATALOG_COMPILER_APPICON_NAME = AppIcon;
				CODE_SIGN_STYLE = Automatic;
				DEVELOPMENT_TEAM = T583396HNX;
				INFOPLIST_FILE = demo/Info.plist;
				LD_RUNPATH_SEARCH_PATHS = "$(inherited) @executable_path/Frameworks";
				PRODUCT_BUNDLE_IDENTIFIER = org.dekadence64.version;
				PRODUCT_NAME = "$(TARGET_NAME)";
				SWIFT_VERSION = 4.0;
				TARGETED_DEVICE_FAMILY = 1;
			};
			name = Debug;
		};
		9042B7352056F88C000DB49A /* Release */ = {
			isa = XCBuildConfiguration;
			buildSettings = {
				ASSETCATALOG_COMPILER_APPICON_NAME = AppIcon;
				CODE_SIGN_STYLE = Automatic;
				DEVELOPMENT_TEAM = T583396HNX;
				INFOPLIST_FILE = demo/Info.plist;
				LD_RUNPATH_SEARCH_PATHS = "$(inherited) @executable_path/Frameworks";
				PRODUCT_BUNDLE_IDENTIFIER = org.dekadence64.version;
				PRODUCT_NAME = "$(TARGET_NAME)";
				SWIFT_VERSION = 4.0;
				TARGETED_DEVICE_FAMILY = 1;
			};
			name = Release;
		};
/* End XCBuildConfiguration section */

/* Begin XCConfigurationList section */
		9042B71C2056F88C000DB49A /* Build configuration list for PBXProject "demo" */ = {
			isa = XCConfigurationList;
			buildConfigurations = (
				9042B7312056F88C000DB49A /* Debug */,
				9042B7322056F88C000DB49A /* Release */,
			);
			defaultConfigurationIsVisible = 0;
			defaultConfigurationName = Release;
		};
		9042B7332056F88C000DB49A /* Build configuration list for PBXNativeTarget "demo" */ = {
			isa = XCConfigurationList;
			buildConfigurations = (
				9042B7342056F88C000DB49A /* Debug */,
				9042B7352056F88C000DB49A /* Release */,
			);
			defaultConfigurationIsVisible = 0;
			defaultConfigurationName = Release;
		};
/* End XCConfigurationList section */
	};
	rootObject = 9042B7192056F88C000DB49A /* Project object */;
}
